github.com/golang/crypto v0.40.0 h1:w9ksJ7TmKcubY60jS0q10xbp+tEBwAPeeGT6eh2ETOY=
github.com/golang/crypto v0.40.0/go.mod h1:Qr1vMER5WyS2dfPHAlsOj01wgLbsyWtFn/aY+5+ZdxY=
github.com/golang/sys v0.34.0 h1:hAXLXIPulCqkT1T6t+fBNkAEoyJRHpHhvhZYDZasD+A=
github.com/golang/sys v0.34.0/go.mod h1:BJP2sWEmIv4KK5OTEluFJCKSidICx8ciO85XgH3Ak8k=
github.com/golang/term v0.33.0 h1:fi91rBL8jPO8TH8HOmIjEZ2c15qp5Z+oQ11mafpnrrY=
github.com/golang/term v0.33.0/go.mod h1:s18+ql9tYWp1IfpV9DmCtQDDSRBUjKaw9M1eAv5UeF0=
